// !$*UTF8*$!
{
	archiveVersion = 1;
	classes = {
	};
	objectVersion = 56;
	objects = {

/* Begin PBXBuildFile section */
		6702F57F29E3342E0082F11C /* BarModel.swift in Sources */ = {isa = PBXBuildFile; fileRef = 6702F57E29E3342E0082F11C /* BarModel.swift */; };
		6702F58129E33BB10082F11C /* FAQView.swift in Sources */ = {isa = PBXBuildFile; fileRef = 6702F58029E33BB10082F11C /* FAQView.swift */; };
		6702F58329E343140082F11C /* EmailView.swift in Sources */ = {isa = PBXBuildFile; fileRef = 6702F58229E343140082F11C /* EmailView.swift */; };
		6702F58529E348F60082F11C /* RateAppView.swift in Sources */ = {isa = PBXBuildFile; fileRef = 6702F58429E348F60082F11C /* RateAppView.swift */; };
		6704453329D56B8500BF78F0 /* ForecastView.swift in Sources */ = {isa = PBXBuildFile; fileRef = 6704453229D56B8500BF78F0 /* ForecastView.swift */; };
		672D5A9D29DC1162007367EF /* ModelData.swift in Sources */ = {isa = PBXBuildFile; fileRef = 672D5A9C29DC1162007367EF /* ModelData.swift */; };
		672D5AA129DC11BD007367EF /* weatherData.json in Resources */ = {isa = PBXBuildFile; fileRef = 672D5AA029DC11BD007367EF /* weatherData.json */; };
		672D5AA329DC11E7007367EF /* Extensions.swift in Sources */ = {isa = PBXBuildFile; fileRef = 672D5AA229DC11E7007367EF /* Extensions.swift */; };
		672D5AA529DC122A007367EF /* LocationManager.swift in Sources */ = {isa = PBXBuildFile; fileRef = 672D5AA429DC122A007367EF /* LocationManager.swift */; };
		672D5AA729DC123D007367EF /* WeatherManager.swift in Sources */ = {isa = PBXBuildFile; fileRef = 672D5AA629DC123D007367EF /* WeatherManager.swift */; };
		673CDF8B29DC910900ADEFCE /* WelcomeView.swift in Sources */ = {isa = PBXBuildFile; fileRef = 673CDF8A29DC910900ADEFCE /* WelcomeView.swift */; };
		674CC12B29D6D5A800742F66 /* RightNowView.swift in Sources */ = {isa = PBXBuildFile; fileRef = 674CC12A29D6D5A800742F66 /* RightNowView.swift */; };
		675A014D29E1F2B200C8DC91 /* SettingsManager.swift in Sources */ = {isa = PBXBuildFile; fileRef = 675A014C29E1F2B200C8DC91 /* SettingsManager.swift */; };
		6763A57E29DA03A200DD7B56 /* SettingsView.swift in Sources */ = {isa = PBXBuildFile; fileRef = 6763A57D29DA03A200DD7B56 /* SettingsView.swift */; };
		677D8FFA29DD5A54000C1BB8 /* MainView.swift in Sources */ = {isa = PBXBuildFile; fileRef = 677D8FF929DD5A54000C1BB8 /* MainView.swift */; };
		67A26B1929D4A8F90001CB2F /* SimpleWeatherApp.swift in Sources */ = {isa = PBXBuildFile; fileRef = 67A26B1829D4A8F90001CB2F /* SimpleWeatherApp.swift */; };
		67A26B1D29D4A8FB0001CB2F /* Assets.xcassets in Resources */ = {isa = PBXBuildFile; fileRef = 67A26B1C29D4A8FB0001CB2F /* Assets.xcassets */; };
		67A26B2029D4A8FB0001CB2F /* Preview Assets.xcassets in Resources */ = {isa = PBXBuildFile; fileRef = 67A26B1F29D4A8FB0001CB2F /* Preview Assets.xcassets */; };
		67ABB98229DAC3A8006C6E98 /* LocationView.swift in Sources */ = {isa = PBXBuildFile; fileRef = 67ABB98129DAC3A8006C6E98 /* LocationView.swift */; };
		67FD8D7829D8930F0066A3AC /* InDevelopmentView.swift in Sources */ = {isa = PBXBuildFile; fileRef = 67FD8D7729D8930F0066A3AC /* InDevelopmentView.swift */; };
		67FD8D7C29D89A330066A3AC /* TonightView.swift in Sources */ = {isa = PBXBuildFile; fileRef = 67FD8D7B29D89A330066A3AC /* TonightView.swift */; };
/* End PBXBuildFile section */

/* Begin PBXFileReference section */
		6702F57E29E3342E0082F11C /* BarModel.swift */ = {isa = PBXFileReference; lastKnownFileType = sourcecode.swift; path = BarModel.swift; sourceTree = "<group>"; };
		6702F58029E33BB10082F11C /* FAQView.swift */ = {isa = PBXFileReference; lastKnownFileType = sourcecode.swift; path = FAQView.swift; sourceTree = "<group>"; };
		6702F58229E343140082F11C /* EmailView.swift */ = {isa = PBXFileReference; lastKnownFileType = sourcecode.swift; path = EmailView.swift; sourceTree = "<group>"; };
		6702F58429E348F60082F11C /* RateAppView.swift */ = {isa = PBXFileReference; lastKnownFileType = sourcecode.swift; path = RateAppView.swift; sourceTree = "<group>"; };
		6704453229D56B8500BF78F0 /* ForecastView.swift */ = {isa = PBXFileReference; lastKnownFileType = sourcecode.swift; path = ForecastView.swift; sourceTree = "<group>"; };
		672D5A9C29DC1162007367EF /* ModelData.swift */ = {isa = PBXFileReference; lastKnownFileType = sourcecode.swift; path = ModelData.swift; sourceTree = "<group>"; };
		672D5AA029DC11BD007367EF /* weatherData.json */ = {isa = PBXFileReference; lastKnownFileType = text.json; path = weatherData.json; sourceTree = "<group>"; };
		672D5AA229DC11E7007367EF /* Extensions.swift */ = {isa = PBXFileReference; lastKnownFileType = sourcecode.swift; path = Extensions.swift; sourceTree = "<group>"; };
		672D5AA429DC122A007367EF /* LocationManager.swift */ = {isa = PBXFileReference; lastKnownFileType = sourcecode.swift; path = LocationManager.swift; sourceTree = "<group>"; };
		672D5AA629DC123D007367EF /* WeatherManager.swift */ = {isa = PBXFileReference; lastKnownFileType = sourcecode.swift; path = WeatherManager.swift; sourceTree = "<group>"; };
		673CDF8A29DC910900ADEFCE /* WelcomeView.swift */ = {isa = PBXFileReference; lastKnownFileType = sourcecode.swift; path = WelcomeView.swift; sourceTree = "<group>"; };
		674CC12A29D6D5A800742F66 /* RightNowView.swift */ = {isa = PBXFileReference; lastKnownFileType = sourcecode.swift; path = RightNowView.swift; sourceTree = "<group>"; };
		675A014C29E1F2B200C8DC91 /* SettingsManager.swift */ = {isa = PBXFileReference; lastKnownFileType = sourcecode.swift; path = SettingsManager.swift; sourceTree = "<group>"; };
		6763A57D29DA03A200DD7B56 /* SettingsView.swift */ = {isa = PBXFileReference; lastKnownFileType = sourcecode.swift; path = SettingsView.swift; sourceTree = "<group>"; };
		677D8FF929DD5A54000C1BB8 /* MainView.swift */ = {isa = PBXFileReference; lastKnownFileType = sourcecode.swift; path = MainView.swift; sourceTree = "<group>"; };
		67A26B1529D4A8F90001CB2F /* SimpleWeather.app */ = {isa = PBXFileReference; explicitFileType = wrapper.application; includeInIndex = 0; path = SimpleWeather.app; sourceTree = BUILT_PRODUCTS_DIR; };
		67A26B1829D4A8F90001CB2F /* SimpleWeatherApp.swift */ = {isa = PBXFileReference; lastKnownFileType = sourcecode.swift; path = SimpleWeatherApp.swift; sourceTree = "<group>"; };
		67A26B1C29D4A8FB0001CB2F /* Assets.xcassets */ = {isa = PBXFileReference; lastKnownFileType = folder.assetcatalog; path = Assets.xcassets; sourceTree = "<group>"; };
		67A26B1F29D4A8FB0001CB2F /* Preview Assets.xcassets */ = {isa = PBXFileReference; lastKnownFileType = folder.assetcatalog; path = "Preview Assets.xcassets"; sourceTree = "<group>"; };
		67ABB98129DAC3A8006C6E98 /* LocationView.swift */ = {isa = PBXFileReference; lastKnownFileType = sourcecode.swift; path = LocationView.swift; sourceTree = "<group>"; };
		67FD8D7729D8930F0066A3AC /* InDevelopmentView.swift */ = {isa = PBXFileReference; lastKnownFileType = sourcecode.swift; path = InDevelopmentView.swift; sourceTree = "<group>"; };
		67FD8D7B29D89A330066A3AC /* TonightView.swift */ = {isa = PBXFileReference; lastKnownFileType = sourcecode.swift; path = TonightView.swift; sourceTree = "<group>"; };
/* End PBXFileReference section */

/* Begin PBXFrameworksBuildPhase section */
		67A26B1229D4A8F90001CB2F /* Frameworks */ = {
			isa = PBXFrameworksBuildPhase;
			buildActionMask = 2147483647;
			files = (
			);
			runOnlyForDeploymentPostprocessing = 0;
		};
/* End PBXFrameworksBuildPhase section */

/* Begin PBXGroup section */
		6702F57D29E333FF0082F11C /* Model */ = {
			isa = PBXGroup;
			children = (
				6702F57E29E3342E0082F11C /* BarModel.swift */,
			);
			path = Model;
			sourceTree = "<group>";
		};
		672D5A9929DC10F8007367EF /* Managers */ = {
			isa = PBXGroup;
			children = (
				672D5AA429DC122A007367EF /* LocationManager.swift */,
				672D5AA629DC123D007367EF /* WeatherManager.swift */,
				675A014C29E1F2B200C8DC91 /* SettingsManager.swift */,
			);
			path = Managers;
			sourceTree = "<group>";
		};
		672D5A9B29DC1113007367EF /* Views */ = {
			isa = PBXGroup;
			children = (
				6704453229D56B8500BF78F0 /* ForecastView.swift */,
				67ABB98129DAC3A8006C6E98 /* LocationView.swift */,
				6763A57D29DA03A200DD7B56 /* SettingsView.swift */,
				67FD8D7B29D89A330066A3AC /* TonightView.swift */,
				674CC12A29D6D5A800742F66 /* RightNowView.swift */,
				67FD8D7729D8930F0066A3AC /* InDevelopmentView.swift */,
				673CDF8A29DC910900ADEFCE /* WelcomeView.swift */,
				677D8FF929DD5A54000C1BB8 /* MainView.swift */,
				6702F58029E33BB10082F11C /* FAQView.swift */,
				6702F58229E343140082F11C /* EmailView.swift */,
				6702F58429E348F60082F11C /* RateAppView.swift */,
			);
			path = Views;
			sourceTree = "<group>";
		};
		67A26B0C29D4A8F90001CB2F = {
			isa = PBXGroup;
			children = (
				67A26B1729D4A8F90001CB2F /* SimpleWeather */,
				67A26B1629D4A8F90001CB2F /* Products */,
			);
			sourceTree = "<group>";
		};
		67A26B1629D4A8F90001CB2F /* Products */ = {
			isa = PBXGroup;
			children = (
				67A26B1529D4A8F90001CB2F /* SimpleWeather.app */,
			);
			name = Products;
			sourceTree = "<group>";
		};
		67A26B1729D4A8F90001CB2F /* SimpleWeather */ = {
			isa = PBXGroup;
			children = (
				6702F57D29E333FF0082F11C /* Model */,
				672D5A9B29DC1113007367EF /* Views */,
				672D5A9929DC10F8007367EF /* Managers */,
				67A26B1829D4A8F90001CB2F /* SimpleWeatherApp.swift */,
				67A26B1C29D4A8FB0001CB2F /* Assets.xcassets */,
				67A26B1E29D4A8FB0001CB2F /* Preview Content */,
				672D5AA229DC11E7007367EF /* Extensions.swift */,
			);
			path = SimpleWeather;
			sourceTree = "<group>";
		};
		67A26B1E29D4A8FB0001CB2F /* Preview Content */ = {
			isa = PBXGroup;
			children = (
				67A26B1F29D4A8FB0001CB2F /* Preview Assets.xcassets */,
				672D5A9C29DC1162007367EF /* ModelData.swift */,
				672D5AA029DC11BD007367EF /* weatherData.json */,
			);
			path = "Preview Content";
			sourceTree = "<group>";
		};
/* End PBXGroup section */

/* Begin PBXNativeTarget section */
		67A26B1429D4A8F90001CB2F /* SimpleWeather */ = {
			isa = PBXNativeTarget;
			buildConfigurationList = 67A26B2329D4A8FB0001CB2F /* Build configuration list for PBXNativeTarget "SimpleWeather" */;
			buildPhases = (
				67A26B1129D4A8F90001CB2F /* Sources */,
				67A26B1229D4A8F90001CB2F /* Frameworks */,
				67A26B1329D4A8F90001CB2F /* Resources */,
			);
			buildRules = (
			);
			dependencies = (
			);
			name = SimpleWeather;
			productName = SimpleWeather;
			productReference = 67A26B1529D4A8F90001CB2F /* SimpleWeather.app */;
			productType = "com.apple.product-type.application";
		};
/* End PBXNativeTarget section */

/* Begin PBXProject section */
		67A26B0D29D4A8F90001CB2F /* Project object */ = {
			isa = PBXProject;
			attributes = {
				BuildIndependentTargetsInParallel = 1;
				LastSwiftUpdateCheck = 1420;
				LastUpgradeCheck = 1420;
				TargetAttributes = {
					67A26B1429D4A8F90001CB2F = {
						CreatedOnToolsVersion = 14.2;
					};
				};
			};
			buildConfigurationList = 67A26B1029D4A8F90001CB2F /* Build configuration list for PBXProject "SimpleWeather" */;
			compatibilityVersion = "Xcode 14.0";
			developmentRegion = en;
			hasScannedForEncodings = 0;
			knownRegions = (
				en,
				Base,
			);
			mainGroup = 67A26B0C29D4A8F90001CB2F;
			productRefGroup = 67A26B1629D4A8F90001CB2F /* Products */;
			projectDirPath = "";
			projectRoot = "";
			targets = (
				67A26B1429D4A8F90001CB2F /* SimpleWeather */,
			);
		};
/* End PBXProject section */

/* Begin PBXResourcesBuildPhase section */
		67A26B1329D4A8F90001CB2F /* Resources */ = {
			isa = PBXResourcesBuildPhase;
			buildActionMask = 2147483647;
			files = (
				67A26B2029D4A8FB0001CB2F /* Preview Assets.xcassets in Resources */,
				672D5AA129DC11BD007367EF /* weatherData.json in Resources */,
				67A26B1D29D4A8FB0001CB2F /* Assets.xcassets in Resources */,
			);
			runOnlyForDeploymentPostprocessing = 0;
		};
/* End PBXResourcesBuildPhase section */

/* Begin PBXSourcesBuildPhase section */
		67A26B1129D4A8F90001CB2F /* Sources */ = {
			isa = PBXSourcesBuildPhase;
			buildActionMask = 2147483647;
			files = (
				67FD8D7C29D89A330066A3AC /* TonightView.swift in Sources */,
				6763A57E29DA03A200DD7B56 /* SettingsView.swift in Sources */,
				6702F58529E348F60082F11C /* RateAppView.swift in Sources */,
				67FD8D7829D8930F0066A3AC /* InDevelopmentView.swift in Sources */,
				672D5AA729DC123D007367EF /* WeatherManager.swift in Sources */,
				6702F57F29E3342E0082F11C /* BarModel.swift in Sources */,
				6702F58129E33BB10082F11C /* FAQView.swift in Sources */,
				67A26B1929D4A8F90001CB2F /* SimpleWeatherApp.swift in Sources */,
				674CC12B29D6D5A800742F66 /* RightNowView.swift in Sources */,
				672D5A9D29DC1162007367EF /* ModelData.swift in Sources */,
				672D5AA529DC122A007367EF /* LocationManager.swift in Sources */,
				6702F58329E343140082F11C /* EmailView.swift in Sources */,
				67ABB98229DAC3A8006C6E98 /* LocationView.swift in Sources */,
				672D5AA329DC11E7007367EF /* Extensions.swift in Sources */,
				675A014D29E1F2B200C8DC91 /* SettingsManager.swift in Sources */,
				6704453329D56B8500BF78F0 /* ForecastView.swift in Sources */,
				677D8FFA29DD5A54000C1BB8 /* MainView.swift in Sources */,
				673CDF8B29DC910900ADEFCE /* WelcomeView.swift in Sources */,
			);
			runOnlyForDeploymentPostprocessing = 0;
		};
/* End PBXSourcesBuildPhase section */

/* Begin XCBuildConfiguration section */
		67A26B2129D4A8FB0001CB2F /* Debug */ = {
			isa = XCBuildConfiguration;
			buildSettings = {
				ALWAYS_SEARCH_USER_PATHS = NO;
				CLANG_ANALYZER_NONNULL = YES;
				CLANG_ANALYZER_NUMBER_OBJECT_CONVERSION = YES_AGGRESSIVE;
				CLANG_CXX_LANGUAGE_STANDARD = "gnu++20";
				CLANG_ENABLE_MODULES = YES;
				CLANG_ENABLE_OBJC_ARC = YES;
				CLANG_ENABLE_OBJC_WEAK = YES;
				CLANG_WARN_BLOCK_CAPTURE_AUTORELEASING = YES;
				CLANG_WARN_BOOL_CONVERSION = YES;
				CLANG_WARN_COMMA = YES;
				CLANG_WARN_CONSTANT_CONVERSION = YES;
				CLANG_WARN_DEPRECATED_OBJC_IMPLEMENTATIONS = YES;
				CLANG_WARN_DIRECT_OBJC_ISA_USAGE = YES_ERROR;
				CLANG_WARN_DOCUMENTATION_COMMENTS = YES;
				CLANG_WARN_EMPTY_BODY = YES;
				CLANG_WARN_ENUM_CONVERSION = YES;
				CLANG_WARN_INFINITE_RECURSION = YES;
				CLANG_WARN_INT_CONVERSION = YES;
				CLANG_WARN_NON_LITERAL_NULL_CONVERSION = YES;
				CLANG_WARN_OBJC_IMPLICIT_RETAIN_SELF = YES;
				CLANG_WARN_OBJC_LITERAL_CONVERSION = YES;
				CLANG_WARN_OBJC_ROOT_CLASS = YES_ERROR;
				CLANG_WARN_QUOTED_INCLUDE_IN_FRAMEWORK_HEADER = YES;
				CLANG_WARN_RANGE_LOOP_ANALYSIS = YES;
				CLANG_WARN_STRICT_PROTOTYPES = YES;
				CLANG_WARN_SUSPICIOUS_MOVE = YES;
				CLANG_WARN_UNGUARDED_AVAILABILITY = YES_AGGRESSIVE;
				CLANG_WARN_UNREACHABLE_CODE = YES;
				CLANG_WARN__DUPLICATE_METHOD_MATCH = YES;
				COPY_PHASE_STRIP = NO;
				DEBUG_INFORMATION_FORMAT = dwarf;
				ENABLE_STRICT_OBJC_MSGSEND = YES;
				ENABLE_TESTABILITY = YES;
				GCC_C_LANGUAGE_STANDARD = gnu11;
				GCC_DYNAMIC_NO_PIC = NO;
				GCC_NO_COMMON_BLOCKS = YES;
				GCC_OPTIMIZATION_LEVEL = 0;
				GCC_PREPROCESSOR_DEFINITIONS = (
					"DEBUG=1",
					"$(inherited)",
				);
				GCC_WARN_64_TO_32_BIT_CONVERSION = YES;
				GCC_WARN_ABOUT_RETURN_TYPE = YES_ERROR;
				GCC_WARN_UNDECLARED_SELECTOR = YES;
				GCC_WARN_UNINITIALIZED_AUTOS = YES_AGGRESSIVE;
				GCC_WARN_UNUSED_FUNCTION = YES;
				GCC_WARN_UNUSED_VARIABLE = YES;
				IPHONEOS_DEPLOYMENT_TARGET = 16.2;
				MTL_ENABLE_DEBUG_INFO = INCLUDE_SOURCE;
				MTL_FAST_MATH = YES;
				ONLY_ACTIVE_ARCH = YES;
				SDKROOT = iphoneos;
				SWIFT_ACTIVE_COMPILATION_CONDITIONS = DEBUG;
				SWIFT_OPTIMIZATION_LEVEL = "-Onone";
			};
			name = Debug;
		};
		67A26B2229D4A8FB0001CB2F /* Release */ = {
			isa = XCBuildConfiguration;
			buildSettings = {
				ALWAYS_SEARCH_USER_PATHS = NO;
				CLANG_ANALYZER_NONNULL = YES;
				CLANG_ANALYZER_NUMBER_OBJECT_CONVERSION = YES_AGGRESSIVE;
				CLANG_CXX_LANGUAGE_STANDARD = "gnu++20";
				CLANG_ENABLE_MODULES = YES;
				CLANG_ENABLE_OBJC_ARC = YES;
				CLANG_ENABLE_OBJC_WEAK = YES;
				CLANG_WARN_BLOCK_CAPTURE_AUTORELEASING = YES;
				CLANG_WARN_BOOL_CONVERSION = YES;
				CLANG_WARN_COMMA = YES;
				CLANG_WARN_CONSTANT_CONVERSION = YES;
				CLANG_WARN_DEPRECATED_OBJC_IMPLEMENTATIONS = YES;
				CLANG_WARN_DIRECT_OBJC_ISA_USAGE = YES_ERROR;
				CLANG_WARN_DOCUMENTATION_COMMENTS = YES;
				CLANG_WARN_EMPTY_BODY = YES;
				CLANG_WARN_ENUM_CONVERSION = YES;
				CLANG_WARN_INFINITE_RECURSION = YES;
				CLANG_WARN_INT_CONVERSION = YES;
				CLANG_WARN_NON_LITERAL_NULL_CONVERSION = YES;
				CLANG_WARN_OBJC_IMPLICIT_RETAIN_SELF = YES;
				CLANG_WARN_OBJC_LITERAL_CONVERSION = YES;
				CLANG_WARN_OBJC_ROOT_CLASS = YES_ERROR;
				CLANG_WARN_QUOTED_INCLUDE_IN_FRAMEWORK_HEADER = YES;
				CLANG_WARN_RANGE_LOOP_ANALYSIS = YES;
				CLANG_WARN_STRICT_PROTOTYPES = YES;
				CLANG_WARN_SUSPICIOUS_MOVE = YES;
				CLANG_WARN_UNGUARDED_AVAILABILITY = YES_AGGRESSIVE;
				CLANG_WARN_UNREACHABLE_CODE = YES;
				CLANG_WARN__DUPLICATE_METHOD_MATCH = YES;
				COPY_PHASE_STRIP = NO;
				DEBUG_INFORMATION_FORMAT = "dwarf-with-dsym";
				ENABLE_NS_ASSERTIONS = NO;
				ENABLE_STRICT_OBJC_MSGSEND = YES;
				GCC_C_LANGUAGE_STANDARD = gnu11;
				GCC_NO_COMMON_BLOCKS = YES;
				GCC_WARN_64_TO_32_BIT_CONVERSION = YES;
				GCC_WARN_ABOUT_RETURN_TYPE = YES_ERROR;
				GCC_WARN_UNDECLARED_SELECTOR = YES;
				GCC_WARN_UNINITIALIZED_AUTOS = YES_AGGRESSIVE;
				GCC_WARN_UNUSED_FUNCTION = YES;
				GCC_WARN_UNUSED_VARIABLE = YES;
				IPHONEOS_DEPLOYMENT_TARGET = 16.2;
				MTL_ENABLE_DEBUG_INFO = NO;
				MTL_FAST_MATH = YES;
				SDKROOT = iphoneos;
				SWIFT_COMPILATION_MODE = wholemodule;
				SWIFT_OPTIMIZATION_LEVEL = "-O";
				VALIDATE_PRODUCT = YES;
			};
			name = Release;
		};
		67A26B2429D4A8FB0001CB2F /* Debug */ = {
			isa = XCBuildConfiguration;
			buildSettings = {
				ASSETCATALOG_COMPILER_APPICON_NAME = AppIcon;
				ASSETCATALOG_COMPILER_GLOBAL_ACCENT_COLOR_NAME = AccentColor;
				CODE_SIGN_STYLE = Automatic;
				CURRENT_PROJECT_VERSION = 1;
				DEVELOPMENT_ASSET_PATHS = "\"SimpleWeather/Preview Content\"";
				ENABLE_PREVIEWS = YES;
				GENERATE_INFOPLIST_FILE = YES;
				INFOPLIST_KEY_UIApplicationSceneManifest_Generation = YES;
				INFOPLIST_KEY_UIApplicationSupportsIndirectInputEvents = YES;
				INFOPLIST_KEY_UILaunchScreen_Generation = YES;
				INFOPLIST_KEY_UISupportedInterfaceOrientations_iPad = "UIInterfaceOrientationPortrait UIInterfaceOrientationPortraitUpsideDown UIInterfaceOrientationLandscapeLeft UIInterfaceOrientationLandscapeRight";
				INFOPLIST_KEY_UISupportedInterfaceOrientations_iPhone = "UIInterfaceOrientationPortrait UIInterfaceOrientationLandscapeLeft UIInterfaceOrientationLandscapeRight";
				LD_RUNPATH_SEARCH_PATHS = (
					"$(inherited)",
					"@executable_path/Frameworks",
				);
				MARKETING_VERSION = 1.0;
				PRODUCT_BUNDLE_IDENTIFIER = vectormiller.SimpleWeather;
				PRODUCT_NAME = "$(TARGET_NAME)";
				SWIFT_EMIT_LOC_STRINGS = YES;
				SWIFT_VERSION = 5.0;
				TARGETED_DEVICE_FAMILY = "1,2";
			};
			name = Debug;
		};
		67A26B2529D4A8FB0001CB2F /* Release */ = {
			isa = XCBuildConfiguration;
			buildSettings = {
				ASSETCATALOG_COMPILER_APPICON_NAME = AppIcon;
				ASSETCATALOG_COMPILER_GLOBAL_ACCENT_COLOR_NAME = AccentColor;
				CODE_SIGN_STYLE = Automatic;
				CURRENT_PROJECT_VERSION = 1;
				DEVELOPMENT_ASSET_PATHS = "\"SimpleWeather/Preview Content\"";
				ENABLE_PREVIEWS = YES;
				GENERATE_INFOPLIST_FILE = YES;
				INFOPLIST_KEY_UIApplicationSceneManifest_Generation = YES;
				INFOPLIST_KEY_UIApplicationSupportsIndirectInputEvents = YES;
				INFOPLIST_KEY_UILaunchScreen_Generation = YES;
				INFOPLIST_KEY_UISupportedInterfaceOrientations_iPad = "UIInterfaceOrientationPortrait UIInterfaceOrientationPortraitUpsideDown UIInterfaceOrientationLandscapeLeft UIInterfaceOrientationLandscapeRight";
				INFOPLIST_KEY_UISupportedInterfaceOrientations_iPhone = "UIInterfaceOrientationPortrait UIInterfaceOrientationLandscapeLeft UIInterfaceOrientationLandscapeRight";
				LD_RUNPATH_SEARCH_PATHS = (
					"$(inherited)",
					"@executable_path/Frameworks",
				);
				MARKETING_VERSION = 1.0;
				PRODUCT_BUNDLE_IDENTIFIER = vectormiller.SimpleWeather;
				PRODUCT_NAME = "$(TARGET_NAME)";
				SWIFT_EMIT_LOC_STRINGS = YES;
				SWIFT_VERSION = 5.0;
				TARGETED_DEVICE_FAMILY = "1,2";
			};
			name = Release;
		};
/* End XCBuildConfiguration section */

/* Begin XCConfigurationList section */
		67A26B1029D4A8F90001CB2F /* Build configuration list for PBXProject "SimpleWeather" */ = {
			isa = XCConfigurationList;
			buildConfigurations = (
				67A26B2129D4A8FB0001CB2F /* Debug */,
				67A26B2229D4A8FB0001CB2F /* Release */,
			);
			defaultConfigurationIsVisible = 0;
			defaultConfigurationName = Release;
		};
		67A26B2329D4A8FB0001CB2F /* Build configuration list for PBXNativeTarget "SimpleWeather" */ = {
			isa = XCConfigurationList;
			buildConfigurations = (
				67A26B2429D4A8FB0001CB2F /* Debug */,
				67A26B2529D4A8FB0001CB2F /* Release */,
			);
			defaultConfigurationIsVisible = 0;
			defaultConfigurationName = Release;
		};
/* End XCConfigurationList section */
	};
	rootObject = 67A26B0D29D4A8F90001CB2F /* Project object */;
}
